
Microsoft Visual Studio Solution File, Format Version 12.00
# Visual Studio Version 17
VisualStudioVersion = 17.8.34322.80
MinimumVisualStudioVersion = 10.0.40219.1
Project("{8BC9CEB8-8B4A-11D0-8D11-00A0C91BC942}") = "RefreshRate", "RefreshRate\RefreshRate.vcxproj", "{0987D327-8EFB-4879-B8C9-83FBE0C0239A}"
EndProject
Global
	GlobalSection(SolutionConfigurationPlatforms) = preSolution
		Debug|x64 = Debug|x64
		Debug|x86 = Debug|x86
		Release|x64 = Release|x64
		Release|x86 = Release|x86
	EndGlobalSection
	GlobalSection(ProjectConfigurationPlatforms) = postSolution
		{0987D327-8EFB-4879-B8C9-83FBE0C0239A}.Debug|x64.ActiveCfg = Debug|x64
		{0987D327-8EFB-4879-B8C9-83FBE0C0239A}.Debug|x64.Build.0 = Debug|x64
		{0987D327-8EFB-4879-B8C9-83FBE0C0239A}.Debug|x86.ActiveCfg = Debug|Win32
		{0987D327-8EFB-4879-B8C9-83FBE0C0239A}.Debug|x86.Build.0 = Debug|Win32
		{0987D327-8EFB-4879-B8C9-83FBE0C0239A}.Release|x64.ActiveCfg = Release|x64
		{0987D327-8EFB-4879-B8C9-83FBE0C0239A}.Release|x64.Build.0 = Release|x64
		{0987D327-8EFB-4879-B8C9-83FBE0C0239A}.Release|x86.ActiveCfg = Release|Win32
		{0987D327-8EFB-4879-B8C9-83FBE0C0239A}.Release|x86.Build.0 = Release|Win32
	EndGlobalSection
	GlobalSection(SolutionProperties) = preSolution
		HideSolutionNode = FALSE
	EndGlobalSection
	GlobalSection(ExtensibilityGlobals) = postSolution
		SolutionGuid = {5084AFA3-CB9D-40D8-9988-D0ABC98113F5}
	EndGlobalSection
EndGlobal
